
Microsoft Visual Studio Solution File, Format Version 12.00
# Visual Studio Version 17
VisualStudioVersion = 17.9.34728.123
MinimumVisualStudioVersion = 10.0.40219.1
Project("{9A19103F-16F7-4668-BE54-9A1E7A4F7556}") = "WebMenagement_2", "WebMenagement_2\WebMenagement_2.csproj", "{15C31828-6D9C-4683-AC56-054A2F2BDC51}"
EndProject
Project("{9A19103F-16F7-4668-BE54-9A1E7A4F7556}") = "Entities", "Entities\Entities.csproj", "{0D888529-9503-440B-A17B-EF80A48C5FC5}"
EndProject
Project("{9A19103F-16F7-4668-BE54-9A1E7A4F7556}") = "Contracts", "Contracts\Contracts.csproj", "{EC174401-8739-48CA-BA15-8E594475E6C5}"
EndProject
Project("{9A19103F-16F7-4668-BE54-9A1E7A4F7556}") = "LoggerService", "LoggerService\LoggerService.csproj", "{CF6A345E-C0F0-479D-A896-C648D698F51F}"
EndProject
Project("{9A19103F-16F7-4668-BE54-9A1E7A4F7556}") = "Repository", "Repository\Repository.csproj", "{FE0DDD5E-B45B-472A-B283-FE2ED53B0412}"
EndProject
Project("{9A19103F-16F7-4668-BE54-9A1E7A4F7556}") = "Service", "Service\Service.csproj", "{542DAAFC-CB58-442F-A6A5-7AE322F37A3D}"
EndProject
Project("{9A19103F-16F7-4668-BE54-9A1E7A4F7556}") = "ServiceContracts", "ServiceContracts\ServiceContracts.csproj", "{F8C5FDE0-BCC7-424C-896B-BEDBB6D04E37}"
EndProject
Project("{9A19103F-16F7-4668-BE54-9A1E7A4F7556}") = "ProjectManagement.Presentation", "ProjectManagement.Presentation\ProjectManagement.Presentation.csproj", "{D8001D8E-3611-4AE8-8A3D-C2EFFDC3D841}"
EndProject
Project("{FAE04EC0-301F-11D3-BF4B-00C04F79EFBC}") = "Shared", "Shared\Shared.csproj", "{CDD245AB-7AA2-46F2-8E33-6F9F26DDE551}"
EndProject
Global
	GlobalSection(SolutionConfigurationPlatforms) = preSolution
		Debug|Any CPU = Debug|Any CPU
		Release|Any CPU = Release|Any CPU
	EndGlobalSection
	GlobalSection(ProjectConfigurationPlatforms) = postSolution
		{15C31828-6D9C-4683-AC56-054A2F2BDC51}.Debug|Any CPU.ActiveCfg = Debug|Any CPU
		{15C31828-6D9C-4683-AC56-054A2F2BDC51}.Debug|Any CPU.Build.0 = Debug|Any CPU
		{15C31828-6D9C-4683-AC56-054A2F2BDC51}.Release|Any CPU.ActiveCfg = Release|Any CPU
		{15C31828-6D9C-4683-AC56-054A2F2BDC51}.Release|Any CPU.Build.0 = Release|Any CPU
		{0D888529-9503-440B-A17B-EF80A48C5FC5}.Debug|Any CPU.ActiveCfg = Debug|Any CPU
		{0D888529-9503-440B-A17B-EF80A48C5FC5}.Debug|Any CPU.Build.0 = Debug|Any CPU
		{0D888529-9503-440B-A17B-EF80A48C5FC5}.Release|Any CPU.ActiveCfg = Release|Any CPU
		{0D888529-9503-440B-A17B-EF80A48C5FC5}.Release|Any CPU.Build.0 = Release|Any CPU
		{EC174401-8739-48CA-BA15-8E594475E6C5}.Debug|Any CPU.ActiveCfg = Debug|Any CPU
		{EC174401-8739-48CA-BA15-8E594475E6C5}.Debug|Any CPU.Build.0 = Debug|Any CPU
		{EC174401-8739-48CA-BA15-8E594475E6C5}.Release|Any CPU.ActiveCfg = Release|Any CPU
		{EC174401-8739-48CA-BA15-8E594475E6C5}.Release|Any CPU.Build.0 = Release|Any CPU
		{CF6A345E-C0F0-479D-A896-C648D698F51F}.Debug|Any CPU.ActiveCfg = Debug|Any CPU
		{CF6A345E-C0F0-479D-A896-C648D698F51F}.Debug|Any CPU.Build.0 = Debug|Any CPU
		{CF6A345E-C0F0-479D-A896-C648D698F51F}.Release|Any CPU.ActiveCfg = Release|Any CPU
		{CF6A345E-C0F0-479D-A896-C648D698F51F}.Release|Any CPU.Build.0 = Release|Any CPU
		{FE0DDD5E-B45B-472A-B283-FE2ED53B0412}.Debug|Any CPU.ActiveCfg = Debug|Any CPU
		{FE0DDD5E-B45B-472A-B283-FE2ED53B0412}.Debug|Any CPU.Build.0 = Debug|Any CPU
		{FE0DDD5E-B45B-472A-B283-FE2ED53B0412}.Release|Any CPU.ActiveCfg = Release|Any CPU
		{FE0DDD5E-B45B-472A-B283-FE2ED53B0412}.Release|Any CPU.Build.0 = Release|Any CPU
		{542DAAFC-CB58-442F-A6A5-7AE322F37A3D}.Debug|Any CPU.ActiveCfg = Debug|Any CPU
		{542DAAFC-CB58-442F-A6A5-7AE322F37A3D}.Debug|Any CPU.Build.0 = Debug|Any CPU
		{542DAAFC-CB58-442F-A6A5-7AE322F37A3D}.Release|Any CPU.ActiveCfg = Release|Any CPU
		{542DAAFC-CB58-442F-A6A5-7AE322F37A3D}.Release|Any CPU.Build.0 = Release|Any CPU
		{F8C5FDE0-BCC7-424C-896B-BEDBB6D04E37}.Debug|Any CPU.ActiveCfg = Debug|Any CPU
		{F8C5FDE0-BCC7-424C-896B-BEDBB6D04E37}.Debug|Any CPU.Build.0 = Debug|Any CPU
		{F8C5FDE0-BCC7-424C-896B-BEDBB6D04E37}.Release|Any CPU.ActiveCfg = Release|Any CPU
		{F8C5FDE0-BCC7-424C-896B-BEDBB6D04E37}.Release|Any CPU.Build.0 = Release|Any CPU
		{D8001D8E-3611-4AE8-8A3D-C2EFFDC3D841}.Debug|Any CPU.ActiveCfg = Debug|Any CPU
		{D8001D8E-3611-4AE8-8A3D-C2EFFDC3D841}.Debug|Any CPU.Build.0 = Debug|Any CPU
		{D8001D8E-3611-4AE8-8A3D-C2EFFDC3D841}.Release|Any CPU.ActiveCfg = Release|Any CPU
		{D8001D8E-3611-4AE8-8A3D-C2EFFDC3D841}.Release|Any CPU.Build.0 = Release|Any CPU
		{CDD245AB-7AA2-46F2-8E33-6F9F26DDE551}.Debug|Any CPU.ActiveCfg = Debug|Any CPU
		{CDD245AB-7AA2-46F2-8E33-6F9F26DDE551}.Debug|Any CPU.Build.0 = Debug|Any CPU
		{CDD245AB-7AA2-46F2-8E33-6F9F26DDE551}.Release|Any CPU.ActiveCfg = Release|Any CPU
		{CDD245AB-7AA2-46F2-8E33-6F9F26DDE551}.Release|Any CPU.Build.0 = Release|Any CPU
	EndGlobalSection
	GlobalSection(SolutionProperties) = preSolution
		HideSolutionNode = FALSE
	EndGlobalSection
	GlobalSection(ExtensibilityGlobals) = postSolution
		SolutionGuid = {CD95DA83-B216-4999-AFEF-005E195F711E}
	EndGlobalSection
EndGlobal
